{
  "lockfile-version": 1,
  "manifest": {
    "version": 1,
    "install": {
      "gcc": {
        "pkg-path": "gcc"
      },
      "git": {
        "pkg-path": "git"
      },
      "python311Full": {
        "pkg-path": "python311Full"
      }
    },
    "hook": {},
    "profile": {},
    "options": {
      "systems": [
        "aarch64-darwin",
        "aarch64-linux",
        "x86_64-darwin",
        "x86_64-linux"
      ],
      "cuda-detection": true
    }
  },
  "packages": [
    {
      "attr_path": "gcc",
      "broken": false,
      "derivation": "/nix/store/wj4k4brjq51724ma0i35ch5j272jb9l1-gcc-wrapper-14.3.0.drv",
      "description": "GNU Compiler Collection, version 14.3.0 (wrapper script)",
      "install_id": "gcc",
      "license": "GPL-3.0-or-later",
      "locked_url": "https://github.com/flox/nixpkgs?rev=b599843bad24621dcaa5ab60dac98f9b0eb1cabe",
      "name": "gcc-wrapper-14.3.0",
      "pname": "gcc",
      "rev": "b599843bad24621dcaa5ab60dac98f9b0eb1cabe",
      "rev_count": 858212,
      "rev_date": "2025-09-08T16:06:28Z",
      "scrape_date": "2025-09-10T02:02:27.726489Z",
      "stabilities": [
        "unstable"
      ],
      "unfree": false,
      "version": "14.3.0",
      "outputs_to_install": [
        "man",
        "out"
      ],
      "outputs": {
        "info": "/nix/store/cmkfhc8ydb11ci4d7p9zvfwa8ldlqj9i-gcc-wrapper-14.3.0-info",
        "man": "/nix/store/zyj3s791p5gmh1inlh7dabp0nkhhyghw-gcc-wrapper-14.3.0-man",
        "out": "/nix/store/qdi5hxxqwhvljdwa2z8caziynwrfq19m-gcc-wrapper-14.3.0"
      },
      "system": "aarch64-darwin",
      "group": "toplevel",
      "priority": 5
    },
    {
      "attr_path": "gcc",
      "broken": false,
      "derivation": "/nix/store/m97hx3y4y93ldsl5fcqg6c4hlr4h7r44-gcc-wrapper-14.3.0.drv",
      "description": "GNU Compiler Collection, version 14.3.0 (wrapper script)",
      "install_id": "gcc",
      "license": "GPL-3.0-or-later",
      "locked_url": "https://github.com/flox/nixpkgs?rev=b599843bad24621dcaa5ab60dac98f9b0eb1cabe",
      "name": "gcc-wrapper-14.3.0",
      "pname": "gcc",
      "rev": "b599843bad24621dcaa5ab60dac98f9b0eb1cabe",
      "rev_count": 858212,
      "rev_date": "2025-09-08T16:06:28Z",
      "scrape_date": "2025-09-10T02:33:15.461590Z",
      "stabilities": [
        "unstable"
      ],
      "unfree": false,
      "version": "14.3.0",
      "outputs_to_install": [
        "man",
        "out"
      ],
      "outputs": {
        "info": "/nix/store/ds1f9znhf2hp3x5hrak6sjcwxpwv6pas-gcc-wrapper-14.3.0-info",
        "man": "/nix/store/2caf9bjar7dk1rm2wprhmkvrs82bgpzd-gcc-wrapper-14.3.0-man",
        "out": "/nix/store/sf05r8srgh21m1804jvagbidggh05n08-gcc-wrapper-14.3.0"
      },
      "system": "aarch64-linux",
      "group": "toplevel",
      "priority": 5
    },
    {
      "attr_path": "gcc",
      "broken": false,
      "derivation": "/nix/store/nv460qxkgwdxa5b2p1ywj9mjc86fxyh1-gcc-wrapper-14.3.0.drv",
      "description": "GNU Compiler Collection, version 14.3.0 (wrapper script)",
      "install_id": "gcc",
      "license": "GPL-3.0-or-later",
      "locked_url": "https://github.com/flox/nixpkgs?rev=b599843bad24621dcaa5ab60dac98f9b0eb1cabe",
      "name": "gcc-wrapper-14.3.0",
      "pname": "gcc",
      "rev": "b599843bad24621dcaa5ab60dac98f9b0eb1cabe",
      "rev_count": 858212,
      "rev_date": "2025-09-08T16:06:28Z",
      "scrape_date": "2025-09-10T03:01:04.307148Z",
      "stabilities": [
        "unstable"
      ],
      "unfree": false,
      "version": "14.3.0",
      "outputs_to_install": [
        "man",
        "out"
      ],
      "outputs": {
        "info": "/nix/store/xdj9w2c9pv7pwz3dhklwnpfpqk8gyjy7-gcc-wrapper-14.3.0-info",
        "man": "/nix/store/2xwg44ir12p6l3r0rmc2gsdwn782lgyn-gcc-wrapper-14.3.0-man",
        "out": "/nix/store/m7v6w0gms0fcz0cqwxnign7kfm6mx1h3-gcc-wrapper-14.3.0"
      },
      "system": "x86_64-darwin",
      "group": "toplevel",
      "priority": 5
    },
    {
      "attr_path": "gcc",
      "broken": false,
      "derivation": "/nix/store/20y7rngzq2487g4hmdgn94a9gdhjdn5k-gcc-wrapper-14.3.0.drv",
      "description": "GNU Compiler Collection, version 14.3.0 (wrapper script)",
      "install_id": "gcc",
      "license": "GPL-3.0-or-later",
      "locked_url": "https://github.com/flox/nixpkgs?rev=b599843bad24621dcaa5ab60dac98f9b0eb1cabe",
      "name": "gcc-wrapper-14.3.0",
      "pname": "gcc",
      "rev": "b599843bad24621dcaa5ab60dac98f9b0eb1cabe",
      "rev_count": 858212,
      "rev_date": "2025-09-08T16:06:28Z",
      "scrape_date": "2025-09-10T03:33:44.004191Z",
      "stabilities": [
        "unstable"
      ],
      "unfree": false,
      "version": "14.3.0",
      "outputs_to_install": [
        "man",
        "out"
      ],
      "outputs": {
        "info": "/nix/store/06f2l6yw87mz3qf70dbkbqmcv5im6jp5-gcc-wrapper-14.3.0-info",
        "man": "/nix/store/2d54z742vs7gr9x0is4apbblvlky4219-gcc-wrapper-14.3.0-man",
        "out": "/nix/store/bcw9f6r9v2fm3kv7d15fcrya0mf34xds-gcc-wrapper-14.3.0"
      },
      "system": "x86_64-linux",
      "group": "toplevel",
      "priority": 5
    },
    {
      "attr_path": "git",
      "broken": false,
      "derivation": "/nix/store/yimqxnjr2llky01qrvl573f33jw3cbnl-git-2.50.1.drv",
      "description": "Distributed version control system",
      "install_id": "git",
      "license": "GPL-2.0",
      "locked_url": "https://github.com/flox/nixpkgs?rev=b599843bad24621dcaa5ab60dac98f9b0eb1cabe",
      "name": "git-2.50.1",
      "pname": "git",
      "rev": "b599843bad24621dcaa5ab60dac98f9b0eb1cabe",
      "rev_count": 858212,
      "rev_date": "2025-09-08T16:06:28Z",
      "scrape_date": "2025-09-10T02:02:27.811898Z",
      "stabilities": [
        "unstable"
      ],
      "unfree": false,
      "version": "2.50.1",
      "outputs_to_install": [
        "out"
      ],
      "outputs": {
        "doc": "/nix/store/36rqvcm3q9jdbzysr6x6si9i15yyy9yh-git-2.50.1-doc",
        "out": "/nix/store/56avrmkafl3ymr5azsgx4lagzrhc79nd-git-2.50.1"
      },
      "system": "aarch64-darwin",
      "group": "toplevel",
      "priority": 5
    },
    {
      "attr_path": "git",
      "broken": false,
      "derivation": "/nix/store/cag2vmqfhk084vksp1sm91knr5vj08l5-git-2.50.1.drv",
      "description": "Distributed version control system",
      "install_id": "git",
      "license": "GPL-2.0",
      "locked_url": "https://github.com/flox/nixpkgs?rev=b599843bad24621dcaa5ab60dac98f9b0eb1cabe",
      "name": "git-2.50.1",
      "pname": "git",
      "rev": "b599843bad24621dcaa5ab60dac98f9b0eb1cabe",
      "rev_count": 858212,
      "rev_date": "2025-09-08T16:06:28Z",
      "scrape_date": "2025-09-10T02:33:15.577218Z",
      "stabilities": [
        "unstable"
      ],
      "unfree": false,
      "version": "2.50.1",
      "outputs_to_install": [
        "out"
      ],
      "outputs": {
        "debug": "/nix/store/ln77l8pbk2gyvavr0lgb45xq4i4y5f2p-git-2.50.1-debug",
        "doc": "/nix/store/i8gjlj5vpcllwpkw53lzxl2wa8j7vlld-git-2.50.1-doc",
        "out": "/nix/store/jpadzfxc9zz3cacng4wlyn6vzhgf3mga-git-2.50.1"
      },
      "system": "aarch64-linux",
      "group": "toplevel",
      "priority": 5
    },
    {
      "attr_path": "git",
      "broken": false,
      "derivation": "/nix/store/wrk624mik2q1kg5nf70bjxsnbj6sj76a-git-2.50.1.drv",
      "description": "Distributed version control system",
      "install_id": "git",
      "license": "GPL-2.0",
      "locked_url": "https://github.com/flox/nixpkgs?rev=b599843bad24621dcaa5ab60dac98f9b0eb1cabe",
      "name": "git-2.50.1",
      "pname": "git",
      "rev": "b599843bad24621dcaa5ab60dac98f9b0eb1cabe",
      "rev_count": 858212,
      "rev_date": "2025-09-08T16:06:28Z",
      "scrape_date": "2025-09-10T03:01:04.387006Z",
      "stabilities": [
        "unstable"
      ],
      "unfree": false,
      "version": "2.50.1",
      "outputs_to_install": [
        "out"
      ],
      "outputs": {
        "doc": "/nix/store/axw33im2q7q6bi3j8cbhi139n9k1q9zb-git-2.50.1-doc",
        "out": "/nix/store/h32rn7zl7ac3jl0iidf7ll3rwj81961x-git-2.50.1"
      },
      "system": "x86_64-darwin",
      "group": "toplevel",
      "priority": 5
    },
    {
      "attr_path": "git",
      "broken": false,
      "derivation": "/nix/store/nzkqrgvy8zxsw70b7aswr7knckip7s3h-git-2.50.1.drv",
      "description": "Distributed version control system",
      "install_id": "git",
      "license": "GPL-2.0",
      "locked_url": "https://github.com/flox/nixpkgs?rev=b599843bad24621dcaa5ab60dac98f9b0eb1cabe",
      "name": "git-2.50.1",
      "pname": "git",
      "rev": "b599843bad24621dcaa5ab60dac98f9b0eb1cabe",
      "rev_count": 858212,
      "rev_date": "2025-09-08T16:06:28Z",
      "scrape_date": "2025-09-10T03:33:44.131786Z",
      "stabilities": [
        "unstable"
      ],
      "unfree": false,
      "version": "2.50.1",
      "outputs_to_install": [
        "out"
      ],
      "outputs": {
        "debug": "/nix/store/xipypc58mgavflc7am3m28sk9hpczwf6-git-2.50.1-debug",
        "doc": "/nix/store/64fvclm5bwrp7zff8wa3cl8z6lhczc9s-git-2.50.1-doc",
        "out": "/nix/store/zhv8ib8y1zfi76afddfnp8fmm562bgaa-git-2.50.1"
      },
      "system": "x86_64-linux",
      "group": "toplevel",
      "priority": 5
    },
    {
      "attr_path": "python311Full",
      "broken": false,
      "derivation": "/nix/store/g9ski5fgys5c0q9yqddrxp5mpcbhxgvl-python3-3.11.13.drv",
      "description": "High-level dynamically-typed programming language",
      "install_id": "python311Full",
      "license": "Python-2.0",
      "locked_url": "https://github.com/flox/nixpkgs?rev=b599843bad24621dcaa5ab60dac98f9b0eb1cabe",
      "name": "python3-3.11.13",
      "pname": "python311Full",
      "rev": "b599843bad24621dcaa5ab60dac98f9b0eb1cabe",
      "rev_count": 858212,
      "rev_date": "2025-09-08T16:06:28Z",
      "scrape_date": "2025-09-10T02:03:06.181891Z",
      "stabilities": [
        "unstable"
      ],
      "unfree": false,
      "version": "python3-3.11.13",
      "outputs_to_install": [
        "out"
      ],
      "outputs": {
        "out": "/nix/store/21wx7nisysmrg3ina7lp7a5w6ska2rbc-python3-3.11.13"
      },
      "system": "aarch64-darwin",
      "group": "toplevel",
      "priority": 5
    },
    {
      "attr_path": "python311Full",
      "broken": false,
      "derivation": "/nix/store/0y8gzaccgas75fxwvprs0rg0vzmlrymr-python3-3.11.13.drv",
      "description": "High-level dynamically-typed programming language",
      "install_id": "python311Full",
      "license": "Python-2.0",
      "locked_url": "https://github.com/flox/nixpkgs?rev=b599843bad24621dcaa5ab60dac98f9b0eb1cabe",
      "name": "python3-3.11.13",
      "pname": "python311Full",
      "rev": "b599843bad24621dcaa5ab60dac98f9b0eb1cabe",
      "rev_count": 858212,
      "rev_date": "2025-09-08T16:06:28Z",
      "scrape_date": "2025-09-10T02:34:13.939475Z",
      "stabilities": [
        "unstable"
      ],
      "unfree": false,
      "version": "python3-3.11.13",
      "outputs_to_install": [
        "out"
      ],
      "outputs": {
        "debug": "/nix/store/8vh5r9clxhjvc1r0nf8rjzqj4wmwwpmg-python3-3.11.13-debug",
        "out": "/nix/store/mnhn2lxw2pkwb91qik4rlwqyqqpg96gk-python3-3.11.13"
      },
      "system": "aarch64-linux",
      "group": "toplevel",
      "priority": 5
    },
    {
      "attr_path": "python311Full",
      "broken": false,
      "derivation": "/nix/store/d6jnvv9k4fzhl6bxshmd7hgiv7db8acb-python3-3.11.13.drv",
      "description": "High-level dynamically-typed programming language",
      "install_id": "python311Full",
      "license": "Python-2.0",
      "locked_url": "https://github.com/flox/nixpkgs?rev=b599843bad24621dcaa5ab60dac98f9b0eb1cabe",
      "name": "python3-3.11.13",
      "pname": "python311Full",
      "rev": "b599843bad24621dcaa5ab60dac98f9b0eb1cabe",
      "rev_count": 858212,
      "rev_date": "2025-09-08T16:06:28Z",
      "scrape_date": "2025-09-10T03:01:43.601821Z",
      "stabilities": [
        "unstable"
      ],
      "unfree": false,
      "version": "python3-3.11.13",
      "outputs_to_install": [
        "out"
      ],
      "outputs": {
        "out": "/nix/store/19m9rhgj9j1zcg1q3j4r2bd9y1jh0vpg-python3-3.11.13"
      },
      "system": "x86_64-darwin",
      "group": "toplevel",
      "priority": 5
    },
    {
      "attr_path": "python311Full",
      "broken": false,
      "derivation": "/nix/store/j70lgcp37063s1ys9pm6z5r7888gpwsj-python3-3.11.13.drv",
      "description": "High-level dynamically-typed programming language",
      "install_id": "python311Full",
      "license": "Python-2.0",
      "locked_url": "https://github.com/flox/nixpkgs?rev=b599843bad24621dcaa5ab60dac98f9b0eb1cabe",
      "name": "python3-3.11.13",
      "pname": "python311Full",
      "rev": "b599843bad24621dcaa5ab60dac98f9b0eb1cabe",
      "rev_count": 858212,
      "rev_date": "2025-09-08T16:06:28Z",
      "scrape_date": "2025-09-10T03:34:47.035105Z",
      "stabilities": [
        "unstable"
      ],
      "unfree": false,
      "version": "python3-3.11.13",
      "outputs_to_install": [
        "out"
      ],
      "outputs": {
        "debug": "/nix/store/rr2adfxzjbkzakzjbjjvc3xi2yvcqshr-python3-3.11.13-debug",
        "out": "/nix/store/y3kf2zx3a1d5gii8zaf9k19mh4qjzql0-python3-3.11.13"
      },
      "system": "x86_64-linux",
      "group": "toplevel",
      "priority": 5
    }
  ]
}
